# This file is autogenerated, do not edit; changes may be undone by the next 'dep ensure'.


[[projects]]
  name = "github.com/astaxie/beego"
  packages = ["logs"]
  revision = "bf5c5626ab429e66d88602e1ab1ab5fbf4629a01"
  version = "v1.9.2"

[[projects]]
  name = "gopkg.in/yaml.v2"
  packages = ["."]
  revision = "5420a8b6744d3b0345ab293f6fcba19c978f1183"
  version = "v2.2.1"

[solve-meta]
  analyzer-name = "dep"
  analyzer-version = 1
  inputs-digest = "1a650d829ab6158b7cebaf874e3adc8bb47ff287f09bcc7bececa61f1330ba57"
  solver-name = "gps-cdcl"
  solver-version = 1
