# This file is autogenerated, do not edit; changes may be undone by the next 'dep ensure'.


[[projects]]
  name = "github.com/astaxie/beego"
  packages = ["logs"]
  revision = "053a075344c118a5cc41981b29ef612bb53d20ca"
  version = "v1.10.1"

[[projects]]
  branch = "master"
  name = "github.com/garychenc/gomq"
  packages = ["mqd/src/client/mq"]
  revision = "bc1ce4a639123fb6d24622271940586a93827cb6"

[solve-meta]
  analyzer-name = "dep"
  analyzer-version = 1
  inputs-digest = "4c606b7ec95ae965789860b379f209b1b4208f7f635ab30829ca3a631e011a7a"
  solver-name = "gps-cdcl"
  solver-version = 1
