# This file is autogenerated, do not edit; changes may be undone by the next 'dep ensure'.


[[projects]]
  name = "github.com/astaxie/beego"
  packages = ["logs"]
  revision = "bf5c5626ab429e66d88602e1ab1ab5fbf4629a01"
  version = "v1.9.2"

[solve-meta]
  analyzer-name = "dep"
  analyzer-version = 1
  inputs-digest = "10e377475f809620cd816fc2f2b322dff817bbeb621556300279ffe6065f3770"
  solver-name = "gps-cdcl"
  solver-version = 1
